<Solution>
  <Folder Name="/解决方案项/">
    <File Path="Directory.Packages.props" />
  </Folder>
  <Project Path="DataReceiver/DataReceiver.csproj" />
  <Project Path="RegularCleanupTask/RegularCleanupTask.csproj" Id="bd8bb3ed-40cd-499c-ba94-436f34babe1b" />
  <Project Path="Services/Services.csproj" Id="54d783a6-ebb3-4280-8496-c3124b5af1a5" />
</Solution>
